// !$*UTF8*$!
{
	archiveVersion = 1;
	classes = {
	};
	objectVersion = 56;
	objects = {

/* Begin PBXBuildFile section */
		88541CB02A601B200041B8AA /* AppStateResoration_SwiftUIApp.swift in Sources */ = {isa = PBXBuildFile; fileRef = 88541CAF2A601B200041B8AA /* AppStateResoration_SwiftUIApp.swift */; };
		88541CB42A601B210041B8AA /* Assets.xcassets in Resources */ = {isa = PBXBuildFile; fileRef = 88541CB32A601B210041B8AA /* Assets.xcassets */; };
		88541CB72A601B210041B8AA /* Preview Assets.xcassets in Resources */ = {isa = PBXBuildFile; fileRef = 88541CB62A601B210041B8AA /* Preview Assets.xcassets */; };
		88541CC12A601B220041B8AA /* AppStateResoration_SwiftUITests.swift in Sources */ = {isa = PBXBuildFile; fileRef = 88541CC02A601B220041B8AA /* AppStateResoration_SwiftUITests.swift */; };
		88541CCB2A601B220041B8AA /* AppStateResoration_SwiftUIUITests.swift in Sources */ = {isa = PBXBuildFile; fileRef = 88541CCA2A601B220041B8AA /* AppStateResoration_SwiftUIUITests.swift */; };
		88541CCD2A601B220041B8AA /* AppStateResoration_SwiftUIUITestsLaunchTests.swift in Sources */ = {isa = PBXBuildFile; fileRef = 88541CCC2A601B220041B8AA /* AppStateResoration_SwiftUIUITestsLaunchTests.swift */; };
		88541CDB2A601BB60041B8AA /* AirPlaneTrips.swift in Sources */ = {isa = PBXBuildFile; fileRef = 88541CDA2A601BB50041B8AA /* AirPlaneTrips.swift */; };
		88541CDD2A601BF10041B8AA /* SceneStorageView.swift in Sources */ = {isa = PBXBuildFile; fileRef = 88541CDC2A601BF10041B8AA /* SceneStorageView.swift */; };
		88541CDF2A601C100041B8AA /* SecondView.swift in Sources */ = {isa = PBXBuildFile; fileRef = 88541CDE2A601C100041B8AA /* SecondView.swift */; };
		88541CE22A601C4E0041B8AA /* Product.swift in Sources */ = {isa = PBXBuildFile; fileRef = 88541CE12A601C4D0041B8AA /* Product.swift */; };
		88541CE42A601C620041B8AA /* PurchaseView.swift in Sources */ = {isa = PBXBuildFile; fileRef = 88541CE32A601C620041B8AA /* PurchaseView.swift */; };
		88541CE62A601C7F0041B8AA /* RootView.swift in Sources */ = {isa = PBXBuildFile; fileRef = 88541CE52A601C7F0041B8AA /* RootView.swift */; };
/* End PBXBuildFile section */

/* Begin PBXContainerItemProxy section */
		88541CBD2A601B220041B8AA /* PBXContainerItemProxy */ = {
			isa = PBXContainerItemProxy;
			containerPortal = 88541CA42A601B200041B8AA /* Project object */;
			proxyType = 1;
			remoteGlobalIDString = 88541CAB2A601B200041B8AA;
			remoteInfo = "AppStateResoration-SwiftUI";
		};
		88541CC72A601B220041B8AA /* PBXContainerItemProxy */ = {
			isa = PBXContainerItemProxy;
			containerPortal = 88541CA42A601B200041B8AA /* Project object */;
			proxyType = 1;
			remoteGlobalIDString = 88541CAB2A601B200041B8AA;
			remoteInfo = "AppStateResoration-SwiftUI";
		};
/* End PBXContainerItemProxy section */

/* Begin PBXFileReference section */
		88541CAC2A601B200041B8AA /* AppStateResoration-SwiftUI.app */ = {isa = PBXFileReference; explicitFileType = wrapper.application; includeInIndex = 0; path = "AppStateResoration-SwiftUI.app"; sourceTree = BUILT_PRODUCTS_DIR; };
		88541CAF2A601B200041B8AA /* AppStateResoration_SwiftUIApp.swift */ = {isa = PBXFileReference; lastKnownFileType = sourcecode.swift; path = AppStateResoration_SwiftUIApp.swift; sourceTree = "<group>"; };
		88541CB32A601B210041B8AA /* Assets.xcassets */ = {isa = PBXFileReference; lastKnownFileType = folder.assetcatalog; path = Assets.xcassets; sourceTree = "<group>"; };
		88541CB62A601B210041B8AA /* Preview Assets.xcassets */ = {isa = PBXFileReference; lastKnownFileType = folder.assetcatalog; path = "Preview Assets.xcassets"; sourceTree = "<group>"; };
		88541CBC2A601B220041B8AA /* AppStateResoration-SwiftUITests.xctest */ = {isa = PBXFileReference; explicitFileType = wrapper.cfbundle; includeInIndex = 0; path = "AppStateResoration-SwiftUITests.xctest"; sourceTree = BUILT_PRODUCTS_DIR; };
		88541CC02A601B220041B8AA /* AppStateResoration_SwiftUITests.swift */ = {isa = PBXFileReference; lastKnownFileType = sourcecode.swift; path = AppStateResoration_SwiftUITests.swift; sourceTree = "<group>"; };
		88541CC62A601B220041B8AA /* AppStateResoration-SwiftUIUITests.xctest */ = {isa = PBXFileReference; explicitFileType = wrapper.cfbundle; includeInIndex = 0; path = "AppStateResoration-SwiftUIUITests.xctest"; sourceTree = BUILT_PRODUCTS_DIR; };
		88541CCA2A601B220041B8AA /* AppStateResoration_SwiftUIUITests.swift */ = {isa = PBXFileReference; lastKnownFileType = sourcecode.swift; path = AppStateResoration_SwiftUIUITests.swift; sourceTree = "<group>"; };
		88541CCC2A601B220041B8AA /* AppStateResoration_SwiftUIUITestsLaunchTests.swift */ = {isa = PBXFileReference; lastKnownFileType = sourcecode.swift; path = AppStateResoration_SwiftUIUITestsLaunchTests.swift; sourceTree = "<group>"; };
		88541CDA2A601BB50041B8AA /* AirPlaneTrips.swift */ = {isa = PBXFileReference; lastKnownFileType = sourcecode.swift; path = AirPlaneTrips.swift; sourceTree = "<group>"; };
		88541CDC2A601BF10041B8AA /* SceneStorageView.swift */ = {isa = PBXFileReference; lastKnownFileType = sourcecode.swift; path = SceneStorageView.swift; sourceTree = "<group>"; };
		88541CDE2A601C100041B8AA /* SecondView.swift */ = {isa = PBXFileReference; lastKnownFileType = sourcecode.swift; path = SecondView.swift; sourceTree = "<group>"; };
		88541CE12A601C4D0041B8AA /* Product.swift */ = {isa = PBXFileReference; lastKnownFileType = sourcecode.swift; path = Product.swift; sourceTree = "<group>"; };
		88541CE32A601C620041B8AA /* PurchaseView.swift */ = {isa = PBXFileReference; lastKnownFileType = sourcecode.swift; path = PurchaseView.swift; sourceTree = "<group>"; };
		88541CE52A601C7F0041B8AA /* RootView.swift */ = {isa = PBXFileReference; lastKnownFileType = sourcecode.swift; path = RootView.swift; sourceTree = "<group>"; };
/* End PBXFileReference section */

/* Begin PBXFrameworksBuildPhase section */
		88541CA92A601B200041B8AA /* Frameworks */ = {
			isa = PBXFrameworksBuildPhase;
			buildActionMask = 2147483647;
			files = (
			);
			runOnlyForDeploymentPostprocessing = 0;
		};
		88541CB92A601B220041B8AA /* Frameworks */ = {
			isa = PBXFrameworksBuildPhase;
			buildActionMask = 2147483647;
			files = (
			);
			runOnlyForDeploymentPostprocessing = 0;
		};
		88541CC32A601B220041B8AA /* Frameworks */ = {
			isa = PBXFrameworksBuildPhase;
			buildActionMask = 2147483647;
			files = (
			);
			runOnlyForDeploymentPostprocessing = 0;
		};
/* End PBXFrameworksBuildPhase section */

/* Begin PBXGroup section */
		88541CA32A601B200041B8AA = {
			isa = PBXGroup;
			children = (
				88541CAE2A601B200041B8AA /* AppStateResoration-SwiftUI */,
				88541CBF2A601B220041B8AA /* AppStateResoration-SwiftUITests */,
				88541CC92A601B220041B8AA /* AppStateResoration-SwiftUIUITests */,
				88541CAD2A601B200041B8AA /* Products */,
			);
			sourceTree = "<group>";
		};
		88541CAD2A601B200041B8AA /* Products */ = {
			isa = PBXGroup;
			children = (
				88541CAC2A601B200041B8AA /* AppStateResoration-SwiftUI.app */,
				88541CBC2A601B220041B8AA /* AppStateResoration-SwiftUITests.xctest */,
				88541CC62A601B220041B8AA /* AppStateResoration-SwiftUIUITests.xctest */,
			);
			name = Products;
			sourceTree = "<group>";
		};
		88541CAE2A601B200041B8AA /* AppStateResoration-SwiftUI */ = {
			isa = PBXGroup;
			children = (
				88541CAF2A601B200041B8AA /* AppStateResoration_SwiftUIApp.swift */,
				88541CE02A601C200041B8AA /* UserActivity */,
				88541CD92A601B9E0041B8AA /* SceneStorage */,
				88541CB32A601B210041B8AA /* Assets.xcassets */,
				88541CB52A601B210041B8AA /* Preview Content */,
			);
			path = "AppStateResoration-SwiftUI";
			sourceTree = "<group>";
		};
		88541CB52A601B210041B8AA /* Preview Content */ = {
			isa = PBXGroup;
			children = (
				88541CB62A601B210041B8AA /* Preview Assets.xcassets */,
			);
			path = "Preview Content";
			sourceTree = "<group>";
		};
		88541CBF2A601B220041B8AA /* AppStateResoration-SwiftUITests */ = {
			isa = PBXGroup;
			children = (
				88541CC02A601B220041B8AA /* AppStateResoration_SwiftUITests.swift */,
			);
			path = "AppStateResoration-SwiftUITests";
			sourceTree = "<group>";
		};
		88541CC92A601B220041B8AA /* AppStateResoration-SwiftUIUITests */ = {
			isa = PBXGroup;
			children = (
				88541CCA2A601B220041B8AA /* AppStateResoration_SwiftUIUITests.swift */,
				88541CCC2A601B220041B8AA /* AppStateResoration_SwiftUIUITestsLaunchTests.swift */,
			);
			path = "AppStateResoration-SwiftUIUITests";
			sourceTree = "<group>";
		};
		88541CD92A601B9E0041B8AA /* SceneStorage */ = {
			isa = PBXGroup;
			children = (
				88541CDA2A601BB50041B8AA /* AirPlaneTrips.swift */,
				88541CDC2A601BF10041B8AA /* SceneStorageView.swift */,
				88541CDE2A601C100041B8AA /* SecondView.swift */,
			);
			path = SceneStorage;
			sourceTree = "<group>";
		};
		88541CE02A601C200041B8AA /* UserActivity */ = {
			isa = PBXGroup;
			children = (
				88541CE12A601C4D0041B8AA /* Product.swift */,
				88541CE32A601C620041B8AA /* PurchaseView.swift */,
				88541CE52A601C7F0041B8AA /* RootView.swift */,
			);
			path = UserActivity;
			sourceTree = "<group>";
		};
/* End PBXGroup section */

/* Begin PBXNativeTarget section */
		88541CAB2A601B200041B8AA /* AppStateResoration-SwiftUI */ = {
			isa = PBXNativeTarget;
			buildConfigurationList = 88541CD02A601B220041B8AA /* Build configuration list for PBXNativeTarget "AppStateResoration-SwiftUI" */;
			buildPhases = (
				88541CA82A601B200041B8AA /* Sources */,
				88541CA92A601B200041B8AA /* Frameworks */,
				88541CAA2A601B200041B8AA /* Resources */,
			);
			buildRules = (
			);
			dependencies = (
			);
			name = "AppStateResoration-SwiftUI";
			productName = "AppStateResoration-SwiftUI";
			productReference = 88541CAC2A601B200041B8AA /* AppStateResoration-SwiftUI.app */;
			productType = "com.apple.product-type.application";
		};
		88541CBB2A601B220041B8AA /* AppStateResoration-SwiftUITests */ = {
			isa = PBXNativeTarget;
			buildConfigurationList = 88541CD32A601B220041B8AA /* Build configuration list for PBXNativeTarget "AppStateResoration-SwiftUITests" */;
			buildPhases = (
				88541CB82A601B220041B8AA /* Sources */,
				88541CB92A601B220041B8AA /* Frameworks */,
				88541CBA2A601B220041B8AA /* Resources */,
			);
			buildRules = (
			);
			dependencies = (
				88541CBE2A601B220041B8AA /* PBXTargetDependency */,
			);
			name = "AppStateResoration-SwiftUITests";
			productName = "AppStateResoration-SwiftUITests";
			productReference = 88541CBC2A601B220041B8AA /* AppStateResoration-SwiftUITests.xctest */;
			productType = "com.apple.product-type.bundle.unit-test";
		};
		88541CC52A601B220041B8AA /* AppStateResoration-SwiftUIUITests */ = {
			isa = PBXNativeTarget;
			buildConfigurationList = 88541CD62A601B220041B8AA /* Build configuration list for PBXNativeTarget "AppStateResoration-SwiftUIUITests" */;
			buildPhases = (
				88541CC22A601B220041B8AA /* Sources */,
				88541CC32A601B220041B8AA /* Frameworks */,
				88541CC42A601B220041B8AA /* Resources */,
			);
			buildRules = (
			);
			dependencies = (
				88541CC82A601B220041B8AA /* PBXTargetDependency */,
			);
			name = "AppStateResoration-SwiftUIUITests";
			productName = "AppStateResoration-SwiftUIUITests";
			productReference = 88541CC62A601B220041B8AA /* AppStateResoration-SwiftUIUITests.xctest */;
			productType = "com.apple.product-type.bundle.ui-testing";
		};
/* End PBXNativeTarget section */

/* Begin PBXProject section */
		88541CA42A601B200041B8AA /* Project object */ = {
			isa = PBXProject;
			attributes = {
				BuildIndependentTargetsInParallel = 1;
				LastSwiftUpdateCheck = 1430;
				LastUpgradeCheck = 1430;
				TargetAttributes = {
					88541CAB2A601B200041B8AA = {
						CreatedOnToolsVersion = 14.3;
					};
					88541CBB2A601B220041B8AA = {
						CreatedOnToolsVersion = 14.3;
						TestTargetID = 88541CAB2A601B200041B8AA;
					};
					88541CC52A601B220041B8AA = {
						CreatedOnToolsVersion = 14.3;
						TestTargetID = 88541CAB2A601B200041B8AA;
					};
				};
			};
			buildConfigurationList = 88541CA72A601B200041B8AA /* Build configuration list for PBXProject "AppStateResoration-SwiftUI" */;
			compatibilityVersion = "Xcode 14.0";
			developmentRegion = en;
			hasScannedForEncodings = 0;
			knownRegions = (
				en,
				Base,
			);
			mainGroup = 88541CA32A601B200041B8AA;
			productRefGroup = 88541CAD2A601B200041B8AA /* Products */;
			projectDirPath = "";
			projectRoot = "";
			targets = (
				88541CAB2A601B200041B8AA /* AppStateResoration-SwiftUI */,
				88541CBB2A601B220041B8AA /* AppStateResoration-SwiftUITests */,
				88541CC52A601B220041B8AA /* AppStateResoration-SwiftUIUITests */,
			);
		};
/* End PBXProject section */

/* Begin PBXResourcesBuildPhase section */
		88541CAA2A601B200041B8AA /* Resources */ = {
			isa = PBXResourcesBuildPhase;
			buildActionMask = 2147483647;
			files = (
				88541CB72A601B210041B8AA /* Preview Assets.xcassets in Resources */,
				88541CB42A601B210041B8AA /* Assets.xcassets in Resources */,
			);
			runOnlyForDeploymentPostprocessing = 0;
		};
		88541CBA2A601B220041B8AA /* Resources */ = {
			isa = PBXResourcesBuildPhase;
			buildActionMask = 2147483647;
			files = (
			);
			runOnlyForDeploymentPostprocessing = 0;
		};
		88541CC42A601B220041B8AA /* Resources */ = {
			isa = PBXResourcesBuildPhase;
			buildActionMask = 2147483647;
			files = (
			);
			runOnlyForDeploymentPostprocessing = 0;
		};
/* End PBXResourcesBuildPhase section */

/* Begin PBXSourcesBuildPhase section */
		88541CA82A601B200041B8AA /* Sources */ = {
			isa = PBXSourcesBuildPhase;
			buildActionMask = 2147483647;
			files = (
				88541CDD2A601BF10041B8AA /* SceneStorageView.swift in Sources */,
				88541CDB2A601BB60041B8AA /* AirPlaneTrips.swift in Sources */,
				88541CE22A601C4E0041B8AA /* Product.swift in Sources */,
				88541CE42A601C620041B8AA /* PurchaseView.swift in Sources */,
				88541CE62A601C7F0041B8AA /* RootView.swift in Sources */,
				88541CDF2A601C100041B8AA /* SecondView.swift in Sources */,
				88541CB02A601B200041B8AA /* AppStateResoration_SwiftUIApp.swift in Sources */,
			);
			runOnlyForDeploymentPostprocessing = 0;
		};
		88541CB82A601B220041B8AA /* Sources */ = {
			isa = PBXSourcesBuildPhase;
			buildActionMask = 2147483647;
			files = (
				88541CC12A601B220041B8AA /* AppStateResoration_SwiftUITests.swift in Sources */,
			);
			runOnlyForDeploymentPostprocessing = 0;
		};
		88541CC22A601B220041B8AA /* Sources */ = {
			isa = PBXSourcesBuildPhase;
			buildActionMask = 2147483647;
			files = (
				88541CCD2A601B220041B8AA /* AppStateResoration_SwiftUIUITestsLaunchTests.swift in Sources */,
				88541CCB2A601B220041B8AA /* AppStateResoration_SwiftUIUITests.swift in Sources */,
			);
			runOnlyForDeploymentPostprocessing = 0;
		};
/* End PBXSourcesBuildPhase section */

/* Begin PBXTargetDependency section */
		88541CBE2A601B220041B8AA /* PBXTargetDependency */ = {
			isa = PBXTargetDependency;
			target = 88541CAB2A601B200041B8AA /* AppStateResoration-SwiftUI */;
			targetProxy = 88541CBD2A601B220041B8AA /* PBXContainerItemProxy */;
		};
		88541CC82A601B220041B8AA /* PBXTargetDependency */ = {
			isa = PBXTargetDependency;
			target = 88541CAB2A601B200041B8AA /* AppStateResoration-SwiftUI */;
			targetProxy = 88541CC72A601B220041B8AA /* PBXContainerItemProxy */;
		};
/* End PBXTargetDependency section */

/* Begin XCBuildConfiguration section */
		88541CCE2A601B220041B8AA /* Debug */ = {
			isa = XCBuildConfiguration;
			buildSettings = {
				ALWAYS_SEARCH_USER_PATHS = NO;
				CLANG_ANALYZER_NONNULL = YES;
				CLANG_ANALYZER_NUMBER_OBJECT_CONVERSION = YES_AGGRESSIVE;
				CLANG_CXX_LANGUAGE_STANDARD = "gnu++20";
				CLANG_ENABLE_MODULES = YES;
				CLANG_ENABLE_OBJC_ARC = YES;
				CLANG_ENABLE_OBJC_WEAK = YES;
				CLANG_WARN_BLOCK_CAPTURE_AUTORELEASING = YES;
				CLANG_WARN_BOOL_CONVERSION = YES;
				CLANG_WARN_COMMA = YES;
				CLANG_WARN_CONSTANT_CONVERSION = YES;
				CLANG_WARN_DEPRECATED_OBJC_IMPLEMENTATIONS = YES;
				CLANG_WARN_DIRECT_OBJC_ISA_USAGE = YES_ERROR;
				CLANG_WARN_DOCUMENTATION_COMMENTS = YES;
				CLANG_WARN_EMPTY_BODY = YES;
				CLANG_WARN_ENUM_CONVERSION = YES;
				CLANG_WARN_INFINITE_RECURSION = YES;
				CLANG_WARN_INT_CONVERSION = YES;
				CLANG_WARN_NON_LITERAL_NULL_CONVERSION = YES;
				CLANG_WARN_OBJC_IMPLICIT_RETAIN_SELF = YES;
				CLANG_WARN_OBJC_LITERAL_CONVERSION = YES;
				CLANG_WARN_OBJC_ROOT_CLASS = YES_ERROR;
				CLANG_WARN_QUOTED_INCLUDE_IN_FRAMEWORK_HEADER = YES;
				CLANG_WARN_RANGE_LOOP_ANALYSIS = YES;
				CLANG_WARN_STRICT_PROTOTYPES = YES;
				CLANG_WARN_SUSPICIOUS_MOVE = YES;
				CLANG_WARN_UNGUARDED_AVAILABILITY = YES_AGGRESSIVE;
				CLANG_WARN_UNREACHABLE_CODE = YES;
				CLANG_WARN__DUPLICATE_METHOD_MATCH = YES;
				COPY_PHASE_STRIP = NO;
				DEBUG_INFORMATION_FORMAT = dwarf;
				ENABLE_STRICT_OBJC_MSGSEND = YES;
				ENABLE_TESTABILITY = YES;
				GCC_C_LANGUAGE_STANDARD = gnu11;
				GCC_DYNAMIC_NO_PIC = NO;
				GCC_NO_COMMON_BLOCKS = YES;
				GCC_OPTIMIZATION_LEVEL = 0;
				GCC_PREPROCESSOR_DEFINITIONS = (
					"DEBUG=1",
					"$(inherited)",
				);
				GCC_WARN_64_TO_32_BIT_CONVERSION = YES;
				GCC_WARN_ABOUT_RETURN_TYPE = YES_ERROR;
				GCC_WARN_UNDECLARED_SELECTOR = YES;
				GCC_WARN_UNINITIALIZED_AUTOS = YES_AGGRESSIVE;
				GCC_WARN_UNUSED_FUNCTION = YES;
				GCC_WARN_UNUSED_VARIABLE = YES;
				IPHONEOS_DEPLOYMENT_TARGET = 16.4;
				MTL_ENABLE_DEBUG_INFO = INCLUDE_SOURCE;
				MTL_FAST_MATH = YES;
				ONLY_ACTIVE_ARCH = YES;
				SDKROOT = iphoneos;
				SWIFT_ACTIVE_COMPILATION_CONDITIONS = DEBUG;
				SWIFT_OPTIMIZATION_LEVEL = "-Onone";
			};
			name = Debug;
		};
		88541CCF2A601B220041B8AA /* Release */ = {
			isa = XCBuildConfiguration;
			buildSettings = {
				ALWAYS_SEARCH_USER_PATHS = NO;
				CLANG_ANALYZER_NONNULL = YES;
				CLANG_ANALYZER_NUMBER_OBJECT_CONVERSION = YES_AGGRESSIVE;
				CLANG_CXX_LANGUAGE_STANDARD = "gnu++20";
				CLANG_ENABLE_MODULES = YES;
				CLANG_ENABLE_OBJC_ARC = YES;
				CLANG_ENABLE_OBJC_WEAK = YES;
				CLANG_WARN_BLOCK_CAPTURE_AUTORELEASING = YES;
				CLANG_WARN_BOOL_CONVERSION = YES;
				CLANG_WARN_COMMA = YES;
				CLANG_WARN_CONSTANT_CONVERSION = YES;
				CLANG_WARN_DEPRECATED_OBJC_IMPLEMENTATIONS = YES;
				CLANG_WARN_DIRECT_OBJC_ISA_USAGE = YES_ERROR;
				CLANG_WARN_DOCUMENTATION_COMMENTS = YES;
				CLANG_WARN_EMPTY_BODY = YES;
				CLANG_WARN_ENUM_CONVERSION = YES;
				CLANG_WARN_INFINITE_RECURSION = YES;
				CLANG_WARN_INT_CONVERSION = YES;
				CLANG_WARN_NON_LITERAL_NULL_CONVERSION = YES;
				CLANG_WARN_OBJC_IMPLICIT_RETAIN_SELF = YES;
				CLANG_WARN_OBJC_LITERAL_CONVERSION = YES;
				CLANG_WARN_OBJC_ROOT_CLASS = YES_ERROR;
				CLANG_WARN_QUOTED_INCLUDE_IN_FRAMEWORK_HEADER = YES;
				CLANG_WARN_RANGE_LOOP_ANALYSIS = YES;
				CLANG_WARN_STRICT_PROTOTYPES = YES;
				CLANG_WARN_SUSPICIOUS_MOVE = YES;
				CLANG_WARN_UNGUARDED_AVAILABILITY = YES_AGGRESSIVE;
				CLANG_WARN_UNREACHABLE_CODE = YES;
				CLANG_WARN__DUPLICATE_METHOD_MATCH = YES;
				COPY_PHASE_STRIP = NO;
				DEBUG_INFORMATION_FORMAT = "dwarf-with-dsym";
				ENABLE_NS_ASSERTIONS = NO;
				ENABLE_STRICT_OBJC_MSGSEND = YES;
				GCC_C_LANGUAGE_STANDARD = gnu11;
				GCC_NO_COMMON_BLOCKS = YES;
				GCC_WARN_64_TO_32_BIT_CONVERSION = YES;
				GCC_WARN_ABOUT_RETURN_TYPE = YES_ERROR;
				GCC_WARN_UNDECLARED_SELECTOR = YES;
				GCC_WARN_UNINITIALIZED_AUTOS = YES_AGGRESSIVE;
				GCC_WARN_UNUSED_FUNCTION = YES;
				GCC_WARN_UNUSED_VARIABLE = YES;
				IPHONEOS_DEPLOYMENT_TARGET = 16.4;
				MTL_ENABLE_DEBUG_INFO = NO;
				MTL_FAST_MATH = YES;
				SDKROOT = iphoneos;
				SWIFT_COMPILATION_MODE = wholemodule;
				SWIFT_OPTIMIZATION_LEVEL = "-O";
				VALIDATE_PRODUCT = YES;
			};
			name = Release;
		};
		88541CD12A601B220041B8AA /* Debug */ = {
			isa = XCBuildConfiguration;
			buildSettings = {
				ASSETCATALOG_COMPILER_APPICON_NAME = AppIcon;
				ASSETCATALOG_COMPILER_GLOBAL_ACCENT_COLOR_NAME = AccentColor;
				CODE_SIGN_STYLE = Automatic;
				CURRENT_PROJECT_VERSION = 1;
				DEVELOPMENT_ASSET_PATHS = "\"AppStateResoration-SwiftUI/Preview Content\"";
				ENABLE_PREVIEWS = YES;
				GENERATE_INFOPLIST_FILE = YES;
				INFOPLIST_KEY_UIApplicationSceneManifest_Generation = YES;
				INFOPLIST_KEY_UIApplicationSupportsIndirectInputEvents = YES;
				INFOPLIST_KEY_UILaunchScreen_Generation = YES;
				INFOPLIST_KEY_UISupportedInterfaceOrientations_iPad = "UIInterfaceOrientationPortrait UIInterfaceOrientationPortraitUpsideDown UIInterfaceOrientationLandscapeLeft UIInterfaceOrientationLandscapeRight";
				INFOPLIST_KEY_UISupportedInterfaceOrientations_iPhone = "UIInterfaceOrientationPortrait UIInterfaceOrientationLandscapeLeft UIInterfaceOrientationLandscapeRight";
				LD_RUNPATH_SEARCH_PATHS = (
					"$(inherited)",
					"@executable_path/Frameworks",
				);
				MARKETING_VERSION = 1.0;
				PRODUCT_BUNDLE_IDENTIFIER = com.volansys.global.app;
				PRODUCT_NAME = "$(TARGET_NAME)";
				SWIFT_EMIT_LOC_STRINGS = YES;
				SWIFT_VERSION = 5.0;
				TARGETED_DEVICE_FAMILY = "1,2";
			};
			name = Debug;
		};
		88541CD22A601B220041B8AA /* Release */ = {
			isa = XCBuildConfiguration;
			buildSettings = {
				ASSETCATALOG_COMPILER_APPICON_NAME = AppIcon;
				ASSETCATALOG_COMPILER_GLOBAL_ACCENT_COLOR_NAME = AccentColor;
				CODE_SIGN_STYLE = Automatic;
				CURRENT_PROJECT_VERSION = 1;
				DEVELOPMENT_ASSET_PATHS = "\"AppStateResoration-SwiftUI/Preview Content\"";
				ENABLE_PREVIEWS = YES;
				GENERATE_INFOPLIST_FILE = YES;
				INFOPLIST_KEY_UIApplicationSceneManifest_Generation = YES;
				INFOPLIST_KEY_UIApplicationSupportsIndirectInputEvents = YES;
				INFOPLIST_KEY_UILaunchScreen_Generation = YES;
				INFOPLIST_KEY_UISupportedInterfaceOrientations_iPad = "UIInterfaceOrientationPortrait UIInterfaceOrientationPortraitUpsideDown UIInterfaceOrientationLandscapeLeft UIInterfaceOrientationLandscapeRight";
				INFOPLIST_KEY_UISupportedInterfaceOrientations_iPhone = "UIInterfaceOrientationPortrait UIInterfaceOrientationLandscapeLeft UIInterfaceOrientationLandscapeRight";
				LD_RUNPATH_SEARCH_PATHS = (
					"$(inherited)",
					"@executable_path/Frameworks",
				);
				MARKETING_VERSION = 1.0;
				PRODUCT_BUNDLE_IDENTIFIER = com.volansys.global.app;
				PRODUCT_NAME = "$(TARGET_NAME)";
				SWIFT_EMIT_LOC_STRINGS = YES;
				SWIFT_VERSION = 5.0;
				TARGETED_DEVICE_FAMILY = "1,2";
			};
			name = Release;
		};
		88541CD42A601B220041B8AA /* Debug */ = {
			isa = XCBuildConfiguration;
			buildSettings = {
				ALWAYS_EMBED_SWIFT_STANDARD_LIBRARIES = YES;
				BUNDLE_LOADER = "$(TEST_HOST)";
				CODE_SIGN_STYLE = Automatic;
				CURRENT_PROJECT_VERSION = 1;
				GENERATE_INFOPLIST_FILE = YES;
				IPHONEOS_DEPLOYMENT_TARGET = 16.4;
				MARKETING_VERSION = 1.0;
				PRODUCT_BUNDLE_IDENTIFIER = "com.volansys.global.AppStateResoration-SwiftUITests";
				PRODUCT_NAME = "$(TARGET_NAME)";
				SWIFT_EMIT_LOC_STRINGS = NO;
				SWIFT_VERSION = 5.0;
				TARGETED_DEVICE_FAMILY = "1,2";
				TEST_HOST = "$(BUILT_PRODUCTS_DIR)/AppStateResoration-SwiftUI.app/$(BUNDLE_EXECUTABLE_FOLDER_PATH)/AppStateResoration-SwiftUI";
			};
			name = Debug;
		};
		88541CD52A601B220041B8AA /* Release */ = {
			isa = XCBuildConfiguration;
			buildSettings = {
				ALWAYS_EMBED_SWIFT_STANDARD_LIBRARIES = YES;
				BUNDLE_LOADER = "$(TEST_HOST)";
				CODE_SIGN_STYLE = Automatic;
				CURRENT_PROJECT_VERSION = 1;
				GENERATE_INFOPLIST_FILE = YES;
				IPHONEOS_DEPLOYMENT_TARGET = 16.4;
				MARKETING_VERSION = 1.0;
				PRODUCT_BUNDLE_IDENTIFIER = "com.volansys.global.AppStateResoration-SwiftUITests";
				PRODUCT_NAME = "$(TARGET_NAME)";
				SWIFT_EMIT_LOC_STRINGS = NO;
				SWIFT_VERSION = 5.0;
				TARGETED_DEVICE_FAMILY = "1,2";
				TEST_HOST = "$(BUILT_PRODUCTS_DIR)/AppStateResoration-SwiftUI.app/$(BUNDLE_EXECUTABLE_FOLDER_PATH)/AppStateResoration-SwiftUI";
			};
			name = Release;
		};
		88541CD72A601B220041B8AA /* Debug */ = {
			isa = XCBuildConfiguration;
			buildSettings = {
				ALWAYS_EMBED_SWIFT_STANDARD_LIBRARIES = YES;
				CODE_SIGN_STYLE = Automatic;
				CURRENT_PROJECT_VERSION = 1;
				GENERATE_INFOPLIST_FILE = YES;
				MARKETING_VERSION = 1.0;
				PRODUCT_BUNDLE_IDENTIFIER = "com.volansys.global.AppStateResoration-SwiftUIUITests";
				PRODUCT_NAME = "$(TARGET_NAME)";
				SWIFT_EMIT_LOC_STRINGS = NO;
				SWIFT_VERSION = 5.0;
				TARGETED_DEVICE_FAMILY = "1,2";
				TEST_TARGET_NAME = "AppStateResoration-SwiftUI";
			};
			name = Debug;
		};
		88541CD82A601B220041B8AA /* Release */ = {
			isa = XCBuildConfiguration;
			buildSettings = {
				ALWAYS_EMBED_SWIFT_STANDARD_LIBRARIES = YES;
				CODE_SIGN_STYLE = Automatic;
				CURRENT_PROJECT_VERSION = 1;
				GENERATE_INFOPLIST_FILE = YES;
				MARKETING_VERSION = 1.0;
				PRODUCT_BUNDLE_IDENTIFIER = "com.volansys.global.AppStateResoration-SwiftUIUITests";
				PRODUCT_NAME = "$(TARGET_NAME)";
				SWIFT_EMIT_LOC_STRINGS = NO;
				SWIFT_VERSION = 5.0;
				TARGETED_DEVICE_FAMILY = "1,2";
				TEST_TARGET_NAME = "AppStateResoration-SwiftUI";
			};
			name = Release;
		};
/* End XCBuildConfiguration section */

/* Begin XCConfigurationList section */
		88541CA72A601B200041B8AA /* Build configuration list for PBXProject "AppStateResoration-SwiftUI" */ = {
			isa = XCConfigurationList;
			buildConfigurations = (
				88541CCE2A601B220041B8AA /* Debug */,
				88541CCF2A601B220041B8AA /* Release */,
			);
			defaultConfigurationIsVisible = 0;
			defaultConfigurationName = Release;
		};
		88541CD02A601B220041B8AA /* Build configuration list for PBXNativeTarget "AppStateResoration-SwiftUI" */ = {
			isa = XCConfigurationList;
			buildConfigurations = (
				88541CD12A601B220041B8AA /* Debug */,
				88541CD22A601B220041B8AA /* Release */,
			);
			defaultConfigurationIsVisible = 0;
			defaultConfigurationName = Release;
		};
		88541CD32A601B220041B8AA /* Build configuration list for PBXNativeTarget "AppStateResoration-SwiftUITests" */ = {
			isa = XCConfigurationList;
			buildConfigurations = (
				88541CD42A601B220041B8AA /* Debug */,
				88541CD52A601B220041B8AA /* Release */,
			);
			defaultConfigurationIsVisible = 0;
			defaultConfigurationName = Release;
		};
		88541CD62A601B220041B8AA /* Build configuration list for PBXNativeTarget "AppStateResoration-SwiftUIUITests" */ = {
			isa = XCConfigurationList;
			buildConfigurations = (
				88541CD72A601B220041B8AA /* Debug */,
				88541CD82A601B220041B8AA /* Release */,
			);
			defaultConfigurationIsVisible = 0;
			defaultConfigurationName = Release;
		};
/* End XCConfigurationList section */
	};
	rootObject = 88541CA42A601B200041B8AA /* Project object */;
}
